
Microsoft Visual Studio Solution File, Format Version 12.00
# Visual Studio Version 17
VisualStudioVersion = 17.12.35527.113
MinimumVisualStudioVersion = 10.0.40219.1
Project("{FAE04EC0-301F-11D3-BF4B-00C04F79EFBC}") = "BattleShips", "BattleShips\BattleShips.csproj", "{0C8830D7-3530-4CFA-BD57-00591A5E2532}"
EndProject
Project("{FAE04EC0-301F-11D3-BF4B-00C04F79EFBC}") = "BattleShipsTests", "BattleShipsTests\BattleShipsTests.csproj", "{4DDC45EB-5D8B-44E3-96C5-B1E5CBEF85C4}"
EndProject
Global
	GlobalSection(SolutionConfigurationPlatforms) = preSolution
		Debug|Any CPU = Debug|Any CPU
		Release|Any CPU = Release|Any CPU
	EndGlobalSection
	GlobalSection(ProjectConfigurationPlatforms) = postSolution
		{0C8830D7-3530-4CFA-BD57-00591A5E2532}.Debug|Any CPU.ActiveCfg = Debug|Any CPU
		{0C8830D7-3530-4CFA-BD57-00591A5E2532}.Debug|Any CPU.Build.0 = Debug|Any CPU
		{0C8830D7-3530-4CFA-BD57-00591A5E2532}.Release|Any CPU.ActiveCfg = Release|Any CPU
		{0C8830D7-3530-4CFA-BD57-00591A5E2532}.Release|Any CPU.Build.0 = Release|Any CPU
		{4DDC45EB-5D8B-44E3-96C5-B1E5CBEF85C4}.Debug|Any CPU.ActiveCfg = Debug|Any CPU
		{4DDC45EB-5D8B-44E3-96C5-B1E5CBEF85C4}.Debug|Any CPU.Build.0 = Debug|Any CPU
		{4DDC45EB-5D8B-44E3-96C5-B1E5CBEF85C4}.Release|Any CPU.ActiveCfg = Release|Any CPU
		{4DDC45EB-5D8B-44E3-96C5-B1E5CBEF85C4}.Release|Any CPU.Build.0 = Release|Any CPU
	EndGlobalSection
	GlobalSection(SolutionProperties) = preSolution
		HideSolutionNode = FALSE
	EndGlobalSection
EndGlobal
